<?xml version="1.0" encoding="utf-8"?>
<Project ToolsVersion="4.0" xmlns="http://schemas.microsoft.com/developer/msbuild/2003">
  <ItemGroup>
    <Filter Include="소스 파일">
      <UniqueIdentifier>{4FC737F1-C7A5-4376-A066-2A32D752A2FF}</UniqueIdentifier>
      <Extensions>cpp;c;cc;cxx;c++;cppm;ixx;def;odl;idl;hpj;bat;asm;asmx</Extensions>
    </Filter>
    <Filter Include="헤더 파일">
      <UniqueIdentifier>{93995380-89BD-4b04-88EB-625FBE52EBFB}</UniqueIdentifier>
      <Extensions>h;hh;hpp;hxx;h++;hm;inl;inc;ipp;xsd</Extensions>
    </Filter>
    <Filter Include="리소스 파일">
      <UniqueIdentifier>{67DA6AB6-F800-4c08-8B7A-83BB121AAD01}</UniqueIdentifier>
      <Extensions>rc;ico;cur;bmp;dlg;rc2;rct;bin;rgs;gif;jpg;jpeg;jpe;resx;tiff;tif;png;wav;mfcribbon-ms</Extensions>
    </Filter>
  </ItemGroup>
  <ItemGroup>
    <ClCompile Include="백준2588.cpp">
      <Filter>소스 파일</Filter>
    </ClCompile>
    <ClCompile Include="백준11382.cpp">
      <Filter>소스 파일</Filter>
    </ClCompile>
    <ClCompile Include="백준10171.cpp">
      <Filter>소스 파일</Filter>
    </ClCompile>
    <ClCompile Include="백준2557.cpp">
      <Filter>소스 파일</Filter>
    </ClCompile>
    <ClCompile Include="백준1000.cpp">
      <Filter>소스 파일</Filter>
    </ClCompile>
    <ClCompile Include="백준1001.cpp">
      <Filter>소스 파일</Filter>
    </ClCompile>
    <ClCompile Include="백준10998.cpp">
      <Filter>소스 파일</Filter>
    </ClCompile>
    <ClCompile Include="백준1008.cpp">
      <Filter>소스 파일</Filter>
    </ClCompile>
    <ClCompile Include="백준10926.cpp">
      <Filter>소스 파일</Filter>
    </ClCompile>
    <ClCompile Include="백준18108.cpp">
      <Filter>소스 파일</Filter>
    </ClCompile>
    <ClCompile Include="백준10430.cpp">
      <Filter>소스 파일</Filter>
    </ClCompile>
    <ClCompile Include="백준27866.cpp">
      <Filter>소스 파일</Filter>
    </ClCompile>
    <ClCompile Include="백준2743.cpp">
      <Filter>소스 파일</Filter>
    </ClCompile>
    <ClCompile Include="백준9086.cpp">
      <Filter>소스 파일</Filter>
    </ClCompile>
    <ClCompile Include="백준2738.cpp">
      <Filter>소스 파일</Filter>
    </ClCompile>
    <ClCompile Include="백준2566.cpp">
      <Filter>소스 파일</Filter>
    </ClCompile>
    <ClCompile Include="백준10809.cpp">
      <Filter>소스 파일</Filter>
    </ClCompile>
    <ClCompile Include="백준10872.cpp">
      <Filter>소스 파일</Filter>
    </ClCompile>
    <ClCompile Include="백준10870.cpp">
      <Filter>소스 파일</Filter>
    </ClCompile>
    <ClCompile Include="백준2675.cpp">
      <Filter>소스 파일</Filter>
    </ClCompile>
    <ClCompile Include="백준10798.cpp">
      <Filter>소스 파일</Filter>
    </ClCompile>
    <ClCompile Include="백준25501.cpp">
      <Filter>소스 파일</Filter>
    </ClCompile>
    <ClCompile Include="백준11729.cpp">
      <Filter>소스 파일</Filter>
    </ClCompile>
    <ClCompile Include="백준10818.cpp">
      <Filter>소스 파일</Filter>
    </ClCompile>
    <ClCompile Include="백준2839.cpp">
      <Filter>소스 파일</Filter>
    </ClCompile>
    <ClCompile Include="백준2441.cpp">
      <Filter>소스 파일</Filter>
    </ClCompile>
    <ClCompile Include="백준2439.cpp">
      <Filter>소스 파일</Filter>
    </ClCompile>
    <ClCompile Include="백준2525.cpp">
      <Filter>소스 파일</Filter>
    </ClCompile>
    <ClCompile Include="백준2480.cpp">
      <Filter>소스 파일</Filter>
    </ClCompile>
    <ClCompile Include="백준2739.cpp">
      <Filter>소스 파일</Filter>
    </ClCompile>
    <ClCompile Include="백준10950.cpp">
      <Filter>소스 파일</Filter>
    </ClCompile>
    <ClCompile Include="백준8393.cpp">
      <Filter>소스 파일</Filter>
    </ClCompile>
    <ClCompile Include="백준25314.cpp">
      <Filter>소스 파일</Filter>
    </ClCompile>
    <ClCompile Include="백준10952.cpp">
      <Filter>소스 파일</Filter>
    </ClCompile>
    <ClCompile Include="백준25206.cpp">
      <Filter>소스 파일</Filter>
    </ClCompile>
    <ClCompile Include="백준10828.cpp">
      <Filter>소스 파일</Filter>
    </ClCompile>
    <ClCompile Include="백준10845.cpp">
      <Filter>소스 파일</Filter>
    </ClCompile>
    <ClCompile Include="백준14438.cpp">
      <Filter>소스 파일</Filter>
    </ClCompile>
    <ClCompile Include="백준2357.cpp">
      <Filter>소스 파일</Filter>
    </ClCompile>
    <ClCompile Include="백준10773.cpp">
      <Filter>소스 파일</Filter>
    </ClCompile>
    <ClCompile Include="백준9012.cpp">
      <Filter>소스 파일</Filter>
    </ClCompile>
    <ClCompile Include="백준1918.cpp">
      <Filter>소스 파일</Filter>
    </ClCompile>
    <ClCompile Include="백준2164.cpp">
      <Filter>소스 파일</Filter>
    </ClCompile>
    <ClCompile Include="백준3986.cpp">
      <Filter>소스 파일</Filter>
    </ClCompile>
    <ClCompile Include="백준5430.cpp">
      <Filter>소스 파일</Filter>
    </ClCompile>
    <ClCompile Include="백준10814.cpp">
      <Filter>소스 파일</Filter>
    </ClCompile>
    <ClCompile Include="백준1302.cpp">
      <Filter>소스 파일</Filter>
    </ClCompile>
    <ClCompile Include="백준1764.cpp">
      <Filter>소스 파일</Filter>
    </ClCompile>
    <ClCompile Include="백준1620.cpp">
      <Filter>소스 파일</Filter>
    </ClCompile>
    <ClCompile Include="백준9935.cpp">
      <Filter>소스 파일</Filter>
    </ClCompile>
    <ClCompile Include="백준10813.cpp">
      <Filter>소스 파일</Filter>
    </ClCompile>
    <ClCompile Include="백준10799.cpp">
      <Filter>소스 파일</Filter>
    </ClCompile>
    <ClCompile Include="백준11724.cpp">
      <Filter>소스 파일</Filter>
    </ClCompile>
    <ClCompile Include="백준1260.cpp">
      <Filter>소스 파일</Filter>
    </ClCompile>
    <ClCompile Include="백준3003.cpp">
      <Filter>소스 파일</Filter>
    </ClCompile>
    <ClCompile Include="백준2741.cpp">
      <Filter>소스 파일</Filter>
    </ClCompile>
    <ClCompile Include="백준1152.cpp">
      <Filter>소스 파일</Filter>
    </ClCompile>
    <ClCompile Include="백준5585.cpp">
      <Filter>소스 파일</Filter>
    </ClCompile>
    <ClCompile Include="백준15649.cpp">
      <Filter>소스 파일</Filter>
    </ClCompile>
    <ClCompile Include="백준10250.cpp">
      <Filter>소스 파일</Filter>
    </ClCompile>
    <ClCompile Include="백준2252.cpp">
      <Filter>소스 파일</Filter>
    </ClCompile>
    <ClCompile Include="백준2748.cpp">
      <Filter>소스 파일</Filter>
    </ClCompile>
    <ClCompile Include="백준1003.cpp">
      <Filter>소스 파일</Filter>
    </ClCompile>
    <ClCompile Include="백준1309.cpp">
      <Filter>소스 파일</Filter>
    </ClCompile>
    <ClCompile Include="백준2577.cpp">
      <Filter>소스 파일</Filter>
    </ClCompile>
    <ClCompile Include="백준4153.cpp">
      <Filter>소스 파일</Filter>
    </ClCompile>
    <ClCompile Include="백준1717.cpp">
      <Filter>소스 파일</Filter>
    </ClCompile>
    <ClCompile Include="백준1922.cpp">
      <Filter>소스 파일</Filter>
    </ClCompile>
    <ClCompile Include="백준10989.cpp">
      <Filter>소스 파일</Filter>
    </ClCompile>
    <ClCompile Include="백준11650.cpp">
      <Filter>소스 파일</Filter>
    </ClCompile>
    <ClCompile Include="백준1018.cpp">
      <Filter>소스 파일</Filter>
    </ClCompile>
    <ClCompile Include="백준11050.cpp">
      <Filter>소스 파일</Filter>
    </ClCompile>
    <ClCompile Include="백준2751.cpp">
      <Filter>소스 파일</Filter>
    </ClCompile>
    <ClCompile Include="백준2609.cpp">
      <Filter>소스 파일</Filter>
    </ClCompile>
    <ClCompile Include="백준1181.cpp">
      <Filter>소스 파일</Filter>
    </ClCompile>
  </ItemGroup>
</Project>